
Microsoft Visual Studio Solution File, Format Version 12.00
# Visual Studio Version 17
VisualStudioVersion = 17.14.36109.1 d17.14
MinimumVisualStudioVersion = 10.0.40219.1
Project("{2150E333-8FDC-42A3-9474-1A3956D46DE8}") = "01-Domain", "01-Domain", "{02EA681E-C7D8-13C7-8484-4AC65E1B71E8}"
EndProject
Project("{2150E333-8FDC-42A3-9474-1A3956D46DE8}") = "02-Infrastructure", "02-Infrastructure", "{63FC213C-0941-4DCC-81B5-BF807F85D8C4}"
EndProject
Project("{2150E333-8FDC-42A3-9474-1A3956D46DE8}") = "03-EndPoint", "03-EndPoint", "{373A576C-0DDE-485E-B589-8BD435E18357}"
EndProject
Project("{2150E333-8FDC-42A3-9474-1A3956D46DE8}") = "Core", "Core", "{556BEE5F-DDD2-4624-99C9-8EA328B8ADBB}"
EndProject
Project("{2150E333-8FDC-42A3-9474-1A3956D46DE8}") = "Services", "Services", "{1D7D5BF6-5D32-4CDE-96CD-B826ABE9F8CC}"
EndProject
Project("{2150E333-8FDC-42A3-9474-1A3956D46DE8}") = "DataAccess", "DataAccess", "{E6120C8C-AB29-4795-83BE-D5917D33D5C4}"
EndProject
Project("{2150E333-8FDC-42A3-9474-1A3956D46DE8}") = "Database", "Database", "{0D295556-9BEF-4614-A630-D53300CDA113}"
EndProject
Project("{FAE04EC0-301F-11D3-BF4B-00C04F79EFBC}") = "WebToDoList", "WebToDoList\WebToDoList.csproj", "{BEA5CEB1-8686-4C62-9107-CD4DC40445E6}"
EndProject
Project("{FAE04EC0-301F-11D3-BF4B-00C04F79EFBC}") = "ToDoList.Domain.Core", "ToDoList.Domain.Core\ToDoList.Domain.Core.csproj", "{2B14C680-4D94-4112-A427-4E85F1813CF4}"
EndProject
Project("{FAE04EC0-301F-11D3-BF4B-00C04F79EFBC}") = "ToDoList.Domain.Services", "ToDoList.Domain.Services\ToDoList.Domain.Services.csproj", "{FB326073-72E0-4CBF-9D93-66B854EDEDD1}"
EndProject
Project("{FAE04EC0-301F-11D3-BF4B-00C04F79EFBC}") = "ToDoList.Infra.Repo", "ToDoList.Infra.Repo\ToDoList.Infra.Repo.csproj", "{15D4EC34-D0ED-4B7D-8FFC-AB4F40EB475E}"
EndProject
Project("{FAE04EC0-301F-11D3-BF4B-00C04F79EFBC}") = "ToDoList.Infra.Database", "ToDoList.Infra.Database\ToDoList.Infra.Database.csproj", "{E54EFC6F-C852-4A4D-826E-33B19E292813}"
EndProject
Global
	GlobalSection(SolutionConfigurationPlatforms) = preSolution
		Debug|Any CPU = Debug|Any CPU
		Release|Any CPU = Release|Any CPU
	EndGlobalSection
	GlobalSection(ProjectConfigurationPlatforms) = postSolution
		{BEA5CEB1-8686-4C62-9107-CD4DC40445E6}.Debug|Any CPU.ActiveCfg = Debug|Any CPU
		{BEA5CEB1-8686-4C62-9107-CD4DC40445E6}.Debug|Any CPU.Build.0 = Debug|Any CPU
		{BEA5CEB1-8686-4C62-9107-CD4DC40445E6}.Release|Any CPU.ActiveCfg = Release|Any CPU
		{BEA5CEB1-8686-4C62-9107-CD4DC40445E6}.Release|Any CPU.Build.0 = Release|Any CPU
		{2B14C680-4D94-4112-A427-4E85F1813CF4}.Debug|Any CPU.ActiveCfg = Debug|Any CPU
		{2B14C680-4D94-4112-A427-4E85F1813CF4}.Debug|Any CPU.Build.0 = Debug|Any CPU
		{2B14C680-4D94-4112-A427-4E85F1813CF4}.Release|Any CPU.ActiveCfg = Release|Any CPU
		{2B14C680-4D94-4112-A427-4E85F1813CF4}.Release|Any CPU.Build.0 = Release|Any CPU
		{FB326073-72E0-4CBF-9D93-66B854EDEDD1}.Debug|Any CPU.ActiveCfg = Debug|Any CPU
		{FB326073-72E0-4CBF-9D93-66B854EDEDD1}.Debug|Any CPU.Build.0 = Debug|Any CPU
		{FB326073-72E0-4CBF-9D93-66B854EDEDD1}.Release|Any CPU.ActiveCfg = Release|Any CPU
		{FB326073-72E0-4CBF-9D93-66B854EDEDD1}.Release|Any CPU.Build.0 = Release|Any CPU
		{15D4EC34-D0ED-4B7D-8FFC-AB4F40EB475E}.Debug|Any CPU.ActiveCfg = Debug|Any CPU
		{15D4EC34-D0ED-4B7D-8FFC-AB4F40EB475E}.Debug|Any CPU.Build.0 = Debug|Any CPU
		{15D4EC34-D0ED-4B7D-8FFC-AB4F40EB475E}.Release|Any CPU.ActiveCfg = Release|Any CPU
		{15D4EC34-D0ED-4B7D-8FFC-AB4F40EB475E}.Release|Any CPU.Build.0 = Release|Any CPU
		{E54EFC6F-C852-4A4D-826E-33B19E292813}.Debug|Any CPU.ActiveCfg = Debug|Any CPU
		{E54EFC6F-C852-4A4D-826E-33B19E292813}.Debug|Any CPU.Build.0 = Debug|Any CPU
		{E54EFC6F-C852-4A4D-826E-33B19E292813}.Release|Any CPU.ActiveCfg = Release|Any CPU
		{E54EFC6F-C852-4A4D-826E-33B19E292813}.Release|Any CPU.Build.0 = Release|Any CPU
	EndGlobalSection
	GlobalSection(SolutionProperties) = preSolution
		HideSolutionNode = FALSE
	EndGlobalSection
	GlobalSection(NestedProjects) = preSolution
		{556BEE5F-DDD2-4624-99C9-8EA328B8ADBB} = {02EA681E-C7D8-13C7-8484-4AC65E1B71E8}
		{1D7D5BF6-5D32-4CDE-96CD-B826ABE9F8CC} = {02EA681E-C7D8-13C7-8484-4AC65E1B71E8}
		{E6120C8C-AB29-4795-83BE-D5917D33D5C4} = {63FC213C-0941-4DCC-81B5-BF807F85D8C4}
		{0D295556-9BEF-4614-A630-D53300CDA113} = {63FC213C-0941-4DCC-81B5-BF807F85D8C4}
		{BEA5CEB1-8686-4C62-9107-CD4DC40445E6} = {373A576C-0DDE-485E-B589-8BD435E18357}
		{2B14C680-4D94-4112-A427-4E85F1813CF4} = {556BEE5F-DDD2-4624-99C9-8EA328B8ADBB}
		{FB326073-72E0-4CBF-9D93-66B854EDEDD1} = {1D7D5BF6-5D32-4CDE-96CD-B826ABE9F8CC}
		{15D4EC34-D0ED-4B7D-8FFC-AB4F40EB475E} = {E6120C8C-AB29-4795-83BE-D5917D33D5C4}
		{E54EFC6F-C852-4A4D-826E-33B19E292813} = {0D295556-9BEF-4614-A630-D53300CDA113}
	EndGlobalSection
	GlobalSection(ExtensibilityGlobals) = postSolution
		SolutionGuid = {AEC2A700-5269-4221-B952-F7056E9CDB29}
	EndGlobalSection
EndGlobal
